
Microsoft Visual Studio Solution File, Format Version 12.00
Project("{2150E333-8FDC-42A3-9474-1A3956D46DE8}") = "src", "src", "{BBA45AFB-5727-47BB-9BBB-B05559BE892E}"
EndProject
Project("{2150E333-8FDC-42A3-9474-1A3956D46DE8}") = "tests", "tests", "{4B7FE6F2-BF92-4698-A01F-4C1E111B62CF}"
EndProject
Project("{FAE04EC0-301F-11D3-BF4B-00C04F79EFBC}") = "SourceKit.Reflect", "src\SourceKit.Reflect\SourceKit.Reflect.csproj", "{637C01C1-3A3C-4FC6-9874-6CFBA4319A79}"
EndProject
Project("{FAE04EC0-301F-11D3-BF4B-00C04F79EFBC}") = "SourceKit", "src\SourceKit\SourceKit.csproj", "{8EED1912-BB7A-4C97-9032-08E3219724DE}"
EndProject
Project("{2150E333-8FDC-42A3-9474-1A3956D46DE8}") = "analyzers", "analyzers", "{0506CF17-3170-420E-B120-3BEB0BDE68CF}"
EndProject
Project("{FAE04EC0-301F-11D3-BF4B-00C04F79EFBC}") = "SourceKit.Analyzers.MustBePartial.Annotations", "src\analyzers\SourceKit.Analyzers.MustBePartial.Annotations\SourceKit.Analyzers.MustBePartial.Annotations.csproj", "{B94E98ED-AD2A-4DE0-B405-2C38F75FA000}"
EndProject
Project("{FAE04EC0-301F-11D3-BF4B-00C04F79EFBC}") = "SourceKit.Analyzers.MustBePartial", "src\analyzers\SourceKit.Analyzers.MustBePartial\SourceKit.Analyzers.MustBePartial.csproj", "{18E723E4-9DA2-49D3-9B08-0923BEC3FD9F}"
EndProject
Project("{FAE04EC0-301F-11D3-BF4B-00C04F79EFBC}") = "SourceKit.Analyzers.MemberAccessibility", "src\analyzers\SourceKit.Analyzers.MemberAccessibility\SourceKit.Analyzers.MemberAccessibility.csproj", "{C8BC0B4D-4FA2-4FB2-B384-A2ED37B0CFA9}"
EndProject
Project("{FAE04EC0-301F-11D3-BF4B-00C04F79EFBC}") = "SourceKit.Analyzers.Nullable", "src\analyzers\SourceKit.Analyzers.Nullable\SourceKit.Analyzers.Nullable.csproj", "{5BD41F98-95D1-443A-9393-9D3DA2AD6B06}"
EndProject
Project("{FAE04EC0-301F-11D3-BF4B-00C04F79EFBC}") = "SourceKit.Analyzers.Enumerable", "src\analyzers\SourceKit.Analyzers.Enumerable\SourceKit.Analyzers.Enumerable.csproj", "{AABC159C-061A-46B6-A09B-16B24679CF7D}"
EndProject
Project("{FAE04EC0-301F-11D3-BF4B-00C04F79EFBC}") = "SourceKit.Analyzers.Properties", "src\analyzers\SourceKit.Analyzers.Properties\SourceKit.Analyzers.Properties.csproj", "{6FBCA29D-9EFD-4596-8BD0-F6E9C394228E}"
EndProject
Project("{FAE04EC0-301F-11D3-BF4B-00C04F79EFBC}") = "SourceKit.Analyzers.Collections", "src\analyzers\SourceKit.Analyzers.Collections\SourceKit.Analyzers.Collections.csproj", "{76AEC735-94F8-4904-9B60-4E53A142C812}"
EndProject
Project("{2150E333-8FDC-42A3-9474-1A3956D46DE8}") = "generators", "generators", "{7A8B3DC6-F194-45F6-8C23-151806809BE1}"
EndProject
Project("{FAE04EC0-301F-11D3-BF4B-00C04F79EFBC}") = "SourceKit.Generators.Builder", "src\generators\SourceKit.Generators.Builder\SourceKit.Generators.Builder.csproj", "{21EE8956-B00B-45B7-ACD9-53CD1648ADC6}"
EndProject
Project("{FAE04EC0-301F-11D3-BF4B-00C04F79EFBC}") = "SourceKit.Generators.Builder.Annotations", "src\generators\SourceKit.Generators.Builder.Annotations\SourceKit.Generators.Builder.Annotations.csproj", "{AAE68EF8-EC92-42CA-A554-6733F28C250C}"
EndProject
Project("{2150E333-8FDC-42A3-9474-1A3956D46DE8}") = "common", "common", "{1744B931-41D0-4099-902C-FEE41B009A09}"
	ProjectSection(SolutionItems) = preProject
		Directory.Packages.props = Directory.Packages.props
		Directory.Build.props = Directory.Build.props
		NuGet.config = NuGet.config
	EndProjectSection
EndProject
Project("{FAE04EC0-301F-11D3-BF4B-00C04F79EFBC}") = "SourceKit.Reflect.Tests", "tests\SourceKit.Reflect.Tests\SourceKit.Reflect.Tests.csproj", "{7A4C3CA4-A821-4BBF-9D33-C3B506684E1A}"
EndProject
Project("{FAE04EC0-301F-11D3-BF4B-00C04F79EFBC}") = "SourceKit.Tests.Common", "tests\SourceKit.Tests.Common\SourceKit.Tests.Common.csproj", "{E2B94853-6782-4711-AF6F-7B619FC8CC82}"
EndProject
Project("{2150E333-8FDC-42A3-9474-1A3956D46DE8}") = "workflows", "workflows", "{36BD473E-7C74-4E53-872A-9F6D4E822C70}"
	ProjectSection(SolutionItems) = preProject
		.github\workflows\publish.yml = .github\workflows\publish.yml
		.github\workflows\dotnet-build.yml = .github\workflows\dotnet-build.yml
	EndProjectSection
EndProject
Project("{FAE04EC0-301F-11D3-BF4B-00C04F79EFBC}") = "SourceKit.Generators.Grpc", "src\generators\SourceKit.Generators.Grpc\SourceKit.Generators.Grpc.csproj", "{303F2F11-39B3-488A-8A93-8C7FEBDED5A5}"
EndProject
Project("{2150E333-8FDC-42A3-9474-1A3956D46DE8}") = "samples", "samples", "{68973D47-37E1-492E-8F62-E94B002349BB}"
EndProject
Project("{FAE04EC0-301F-11D3-BF4B-00C04F79EFBC}") = "SourceKit.Generators.Grpc.Samples", "samples\generators\SourceKit.Generators.Grpc.Samples\SourceKit.Generators.Grpc.Samples.csproj", "{40A67635-FA4B-4D71-AB8B-13BEDDE17E77}"
EndProject
Project("{2150E333-8FDC-42A3-9474-1A3956D46DE8}") = "generators", "generators", "{84DBA1F6-2A81-452F-97EE-AEB57C0E7BC6}"
EndProject
Project("{FAE04EC0-301F-11D3-BF4B-00C04F79EFBC}") = "SourceKit.Generators.Builder.Samples", "samples\generators\SourceKit.Generators.Builder.Samples\SourceKit.Generators.Builder.Samples.csproj", "{994FFED7-4AE4-4795-9612-9B3F65C334FC}"
EndProject
Project("{FAE04EC0-301F-11D3-BF4B-00C04F79EFBC}") = "SourceKit.Generators.Builder.Tests", "tests\SourceKit.Generators.Builder.Tests\SourceKit.Generators.Builder.Tests.csproj", "{875C0BB6-CC18-49C5-8FC3-CEFD071A5F4F}"
EndProject
Project("{FAE04EC0-301F-11D3-BF4B-00C04F79EFBC}") = "SourceKit.Generators.Grpc.Tests", "tests\SourceKit.Generators.Grpc.Tests\SourceKit.Generators.Grpc.Tests.csproj", "{C2CD4423-7841-431D-AC65-2246983CF6F0}"
EndProject
Project("{2150E333-8FDC-42A3-9474-1A3956D46DE8}") = "generators", "generators", "{D4C67B93-0E36-451B-B4CD-A036EDD288BE}"
EndProject
Project("{2150E333-8FDC-42A3-9474-1A3956D46DE8}") = "analyzers", "analyzers", "{CB9AFB88-6DC1-436D-8F6F-398E065A07DE}"
EndProject
Project("{FAE04EC0-301F-11D3-BF4B-00C04F79EFBC}") = "SourceKit.Analyzers.Enumerable.Tests", "tests\SourceKit.Analyzers.Enumerable.Tests\SourceKit.Analyzers.Enumerable.Tests.csproj", "{D848ABC7-B027-4E95-A98A-C71022BFDF79}"
EndProject
Project("{2150E333-8FDC-42A3-9474-1A3956D46DE8}") = "analyzers", "analyzers", "{365210F4-5F33-49FD-9E14-552154E26285}"
EndProject
Project("{FAE04EC0-301F-11D3-BF4B-00C04F79EFBC}") = "SourceKit.Analyzers.Enumerable.Samples", "samples\analyzers\SourceKit.Analyzers.Enumerable.Samples\SourceKit.Analyzers.Enumerable.Samples.csproj", "{4C8CEF9E-31D1-433B-8A2D-45312A1C5D81}"
EndProject
Project("{FAE04EC0-301F-11D3-BF4B-00C04F79EFBC}") = "SourceKit.Analyzers.Collections.Tests", "tests\SourceKit.Analyzers.Collections.Tests\SourceKit.Analyzers.Collections.Tests.csproj", "{2A636AD6-8D81-4948-8B12-6AB842F50040}"
EndProject
Project("{FAE04EC0-301F-11D3-BF4B-00C04F79EFBC}") = "SourceKit.Analyzers.Collections.Samples", "samples\analyzers\SourceKit.Analyzers.Collections.Samples\SourceKit.Analyzers.Collections.Samples.csproj", "{A2CF4A1C-73F5-4968-8335-D030D5F64A0B}"
EndProject
Project("{FAE04EC0-301F-11D3-BF4B-00C04F79EFBC}") = "SourceKit.Analyzers.MustBePartial.Samples", "samples\analyzers\SourceKit.Analyzers.MustBePartial.Samples\SourceKit.Analyzers.MustBePartial.Samples.csproj", "{C025F298-B242-4166-BC62-C03794CCE228}"
EndProject
Project("{FAE04EC0-301F-11D3-BF4B-00C04F79EFBC}") = "SourceKit.Analyzers.MustBePartial.Tests", "tests\SourceKit.Analyzers.MustBePartial.Tests\SourceKit.Analyzers.MustBePartial.Tests.csproj", "{2DDC124E-8E7D-45F9-B2AD-7516DC065D23}"
EndProject
Project("{FAE04EC0-301F-11D3-BF4B-00C04F79EFBC}") = "SourceKit.Analyzers.Nullable.Samples", "samples\analyzers\SourceKit.Analyzers.Nullable.Samples\SourceKit.Analyzers.Nullable.Samples.csproj", "{4019AF7B-3137-4EA4-AE05-E5D7A6F9AD66}"
EndProject
Project("{FAE04EC0-301F-11D3-BF4B-00C04F79EFBC}") = "SourceKit.Analyzers.Nullable.Tests", "tests\SourceKit.Analyzers.Nullable.Tests\SourceKit.Analyzers.Nullable.Tests.csproj", "{79C8B98C-A75D-41F9-9873-FE30E88CB7BD}"
EndProject
Project("{FAE04EC0-301F-11D3-BF4B-00C04F79EFBC}") = "SourceKit.Analyzers.Properties.Samples", "samples\analyzers\SourceKit.Analyzers.Properties.Samples\SourceKit.Analyzers.Properties.Samples.csproj", "{35F679FA-4F45-4870-B7C6-7B31A6CD014F}"
EndProject
Project("{FAE04EC0-301F-11D3-BF4B-00C04F79EFBC}") = "SourceKit.Analyzers.Properties.Tests", "tests\SourceKit.Analyzers.Properties.Tests\SourceKit.Analyzers.Properties.Tests.csproj", "{4B54BDA0-D16F-428F-97D2-03654311CE22}"
EndProject
Project("{FAE04EC0-301F-11D3-BF4B-00C04F79EFBC}") = "SourceKit.Reflect.Samples", "samples\SourceKit.Reflect.Samples\SourceKit.Reflect.Samples.csproj", "{B3EEEF25-A90E-404F-9874-93A2E6990468}"
EndProject
Global
	GlobalSection(SolutionConfigurationPlatforms) = preSolution
		Debug|Any CPU = Debug|Any CPU
		Release|Any CPU = Release|Any CPU
	EndGlobalSection
	GlobalSection(NestedProjects) = preSolution
		{637C01C1-3A3C-4FC6-9874-6CFBA4319A79} = {BBA45AFB-5727-47BB-9BBB-B05559BE892E}
		{8EED1912-BB7A-4C97-9032-08E3219724DE} = {BBA45AFB-5727-47BB-9BBB-B05559BE892E}
		{0506CF17-3170-420E-B120-3BEB0BDE68CF} = {BBA45AFB-5727-47BB-9BBB-B05559BE892E}
		{B94E98ED-AD2A-4DE0-B405-2C38F75FA000} = {0506CF17-3170-420E-B120-3BEB0BDE68CF}
		{18E723E4-9DA2-49D3-9B08-0923BEC3FD9F} = {0506CF17-3170-420E-B120-3BEB0BDE68CF}
		{C8BC0B4D-4FA2-4FB2-B384-A2ED37B0CFA9} = {0506CF17-3170-420E-B120-3BEB0BDE68CF}
		{5BD41F98-95D1-443A-9393-9D3DA2AD6B06} = {0506CF17-3170-420E-B120-3BEB0BDE68CF}
		{AABC159C-061A-46B6-A09B-16B24679CF7D} = {0506CF17-3170-420E-B120-3BEB0BDE68CF}
		{6FBCA29D-9EFD-4596-8BD0-F6E9C394228E} = {0506CF17-3170-420E-B120-3BEB0BDE68CF}
		{76AEC735-94F8-4904-9B60-4E53A142C812} = {0506CF17-3170-420E-B120-3BEB0BDE68CF}
		{7A8B3DC6-F194-45F6-8C23-151806809BE1} = {BBA45AFB-5727-47BB-9BBB-B05559BE892E}
		{21EE8956-B00B-45B7-ACD9-53CD1648ADC6} = {7A8B3DC6-F194-45F6-8C23-151806809BE1}
		{AAE68EF8-EC92-42CA-A554-6733F28C250C} = {7A8B3DC6-F194-45F6-8C23-151806809BE1}
		{7A4C3CA4-A821-4BBF-9D33-C3B506684E1A} = {4B7FE6F2-BF92-4698-A01F-4C1E111B62CF}
		{E2B94853-6782-4711-AF6F-7B619FC8CC82} = {4B7FE6F2-BF92-4698-A01F-4C1E111B62CF}
		{36BD473E-7C74-4E53-872A-9F6D4E822C70} = {1744B931-41D0-4099-902C-FEE41B009A09}
		{303F2F11-39B3-488A-8A93-8C7FEBDED5A5} = {7A8B3DC6-F194-45F6-8C23-151806809BE1}
		{84DBA1F6-2A81-452F-97EE-AEB57C0E7BC6} = {68973D47-37E1-492E-8F62-E94B002349BB}
		{40A67635-FA4B-4D71-AB8B-13BEDDE17E77} = {84DBA1F6-2A81-452F-97EE-AEB57C0E7BC6}
		{994FFED7-4AE4-4795-9612-9B3F65C334FC} = {84DBA1F6-2A81-452F-97EE-AEB57C0E7BC6}
		{D4C67B93-0E36-451B-B4CD-A036EDD288BE} = {4B7FE6F2-BF92-4698-A01F-4C1E111B62CF}
		{875C0BB6-CC18-49C5-8FC3-CEFD071A5F4F} = {D4C67B93-0E36-451B-B4CD-A036EDD288BE}
		{C2CD4423-7841-431D-AC65-2246983CF6F0} = {D4C67B93-0E36-451B-B4CD-A036EDD288BE}
		{CB9AFB88-6DC1-436D-8F6F-398E065A07DE} = {4B7FE6F2-BF92-4698-A01F-4C1E111B62CF}
		{D848ABC7-B027-4E95-A98A-C71022BFDF79} = {CB9AFB88-6DC1-436D-8F6F-398E065A07DE}
		{365210F4-5F33-49FD-9E14-552154E26285} = {68973D47-37E1-492E-8F62-E94B002349BB}
		{4C8CEF9E-31D1-433B-8A2D-45312A1C5D81} = {365210F4-5F33-49FD-9E14-552154E26285}
		{2A636AD6-8D81-4948-8B12-6AB842F50040} = {CB9AFB88-6DC1-436D-8F6F-398E065A07DE}
		{A2CF4A1C-73F5-4968-8335-D030D5F64A0B} = {365210F4-5F33-49FD-9E14-552154E26285}
		{C025F298-B242-4166-BC62-C03794CCE228} = {365210F4-5F33-49FD-9E14-552154E26285}
		{2DDC124E-8E7D-45F9-B2AD-7516DC065D23} = {CB9AFB88-6DC1-436D-8F6F-398E065A07DE}
		{4019AF7B-3137-4EA4-AE05-E5D7A6F9AD66} = {365210F4-5F33-49FD-9E14-552154E26285}
		{79C8B98C-A75D-41F9-9873-FE30E88CB7BD} = {CB9AFB88-6DC1-436D-8F6F-398E065A07DE}
		{35F679FA-4F45-4870-B7C6-7B31A6CD014F} = {365210F4-5F33-49FD-9E14-552154E26285}
		{4B54BDA0-D16F-428F-97D2-03654311CE22} = {CB9AFB88-6DC1-436D-8F6F-398E065A07DE}
		{B3EEEF25-A90E-404F-9874-93A2E6990468} = {68973D47-37E1-492E-8F62-E94B002349BB}
	EndGlobalSection
	GlobalSection(ProjectConfigurationPlatforms) = postSolution
		{637C01C1-3A3C-4FC6-9874-6CFBA4319A79}.Release|Any CPU.ActiveCfg = Release|Any CPU
		{637C01C1-3A3C-4FC6-9874-6CFBA4319A79}.Release|Any CPU.Build.0 = Release|Any CPU
		{637C01C1-3A3C-4FC6-9874-6CFBA4319A79}.Debug|Any CPU.ActiveCfg = Debug|Any CPU
		{637C01C1-3A3C-4FC6-9874-6CFBA4319A79}.Debug|Any CPU.Build.0 = Debug|Any CPU
		{8EED1912-BB7A-4C97-9032-08E3219724DE}.Debug|Any CPU.ActiveCfg = Debug|Any CPU
		{8EED1912-BB7A-4C97-9032-08E3219724DE}.Debug|Any CPU.Build.0 = Debug|Any CPU
		{8EED1912-BB7A-4C97-9032-08E3219724DE}.Release|Any CPU.ActiveCfg = Release|Any CPU
		{8EED1912-BB7A-4C97-9032-08E3219724DE}.Release|Any CPU.Build.0 = Release|Any CPU
		{B94E98ED-AD2A-4DE0-B405-2C38F75FA000}.Release|Any CPU.ActiveCfg = Release|Any CPU
		{B94E98ED-AD2A-4DE0-B405-2C38F75FA000}.Release|Any CPU.Build.0 = Release|Any CPU
		{B94E98ED-AD2A-4DE0-B405-2C38F75FA000}.Debug|Any CPU.ActiveCfg = Debug|Any CPU
		{B94E98ED-AD2A-4DE0-B405-2C38F75FA000}.Debug|Any CPU.Build.0 = Debug|Any CPU
		{18E723E4-9DA2-49D3-9B08-0923BEC3FD9F}.Release|Any CPU.ActiveCfg = Release|Any CPU
		{18E723E4-9DA2-49D3-9B08-0923BEC3FD9F}.Release|Any CPU.Build.0 = Release|Any CPU
		{18E723E4-9DA2-49D3-9B08-0923BEC3FD9F}.Debug|Any CPU.ActiveCfg = Debug|Any CPU
		{18E723E4-9DA2-49D3-9B08-0923BEC3FD9F}.Debug|Any CPU.Build.0 = Debug|Any CPU
		{C8BC0B4D-4FA2-4FB2-B384-A2ED37B0CFA9}.Release|Any CPU.ActiveCfg = Release|Any CPU
		{C8BC0B4D-4FA2-4FB2-B384-A2ED37B0CFA9}.Release|Any CPU.Build.0 = Release|Any CPU
		{C8BC0B4D-4FA2-4FB2-B384-A2ED37B0CFA9}.Debug|Any CPU.ActiveCfg = Debug|Any CPU
		{C8BC0B4D-4FA2-4FB2-B384-A2ED37B0CFA9}.Debug|Any CPU.Build.0 = Debug|Any CPU
		{5BD41F98-95D1-443A-9393-9D3DA2AD6B06}.Release|Any CPU.ActiveCfg = Release|Any CPU
		{5BD41F98-95D1-443A-9393-9D3DA2AD6B06}.Release|Any CPU.Build.0 = Release|Any CPU
		{5BD41F98-95D1-443A-9393-9D3DA2AD6B06}.Debug|Any CPU.ActiveCfg = Debug|Any CPU
		{5BD41F98-95D1-443A-9393-9D3DA2AD6B06}.Debug|Any CPU.Build.0 = Debug|Any CPU
		{AABC159C-061A-46B6-A09B-16B24679CF7D}.Release|Any CPU.ActiveCfg = Release|Any CPU
		{AABC159C-061A-46B6-A09B-16B24679CF7D}.Release|Any CPU.Build.0 = Release|Any CPU
		{AABC159C-061A-46B6-A09B-16B24679CF7D}.Debug|Any CPU.ActiveCfg = Debug|Any CPU
		{AABC159C-061A-46B6-A09B-16B24679CF7D}.Debug|Any CPU.Build.0 = Debug|Any CPU
		{6FBCA29D-9EFD-4596-8BD0-F6E9C394228E}.Release|Any CPU.ActiveCfg = Release|Any CPU
		{6FBCA29D-9EFD-4596-8BD0-F6E9C394228E}.Release|Any CPU.Build.0 = Release|Any CPU
		{6FBCA29D-9EFD-4596-8BD0-F6E9C394228E}.Debug|Any CPU.ActiveCfg = Debug|Any CPU
		{6FBCA29D-9EFD-4596-8BD0-F6E9C394228E}.Debug|Any CPU.Build.0 = Debug|Any CPU
		{76AEC735-94F8-4904-9B60-4E53A142C812}.Release|Any CPU.ActiveCfg = Release|Any CPU
		{76AEC735-94F8-4904-9B60-4E53A142C812}.Release|Any CPU.Build.0 = Release|Any CPU
		{76AEC735-94F8-4904-9B60-4E53A142C812}.Debug|Any CPU.ActiveCfg = Debug|Any CPU
		{76AEC735-94F8-4904-9B60-4E53A142C812}.Debug|Any CPU.Build.0 = Debug|Any CPU
		{21EE8956-B00B-45B7-ACD9-53CD1648ADC6}.Release|Any CPU.ActiveCfg = Release|Any CPU
		{21EE8956-B00B-45B7-ACD9-53CD1648ADC6}.Release|Any CPU.Build.0 = Release|Any CPU
		{21EE8956-B00B-45B7-ACD9-53CD1648ADC6}.Debug|Any CPU.ActiveCfg = Debug|Any CPU
		{21EE8956-B00B-45B7-ACD9-53CD1648ADC6}.Debug|Any CPU.Build.0 = Debug|Any CPU
		{AAE68EF8-EC92-42CA-A554-6733F28C250C}.Release|Any CPU.ActiveCfg = Release|Any CPU
		{AAE68EF8-EC92-42CA-A554-6733F28C250C}.Release|Any CPU.Build.0 = Release|Any CPU
		{AAE68EF8-EC92-42CA-A554-6733F28C250C}.Debug|Any CPU.ActiveCfg = Debug|Any CPU
		{AAE68EF8-EC92-42CA-A554-6733F28C250C}.Debug|Any CPU.Build.0 = Debug|Any CPU
		{7A4C3CA4-A821-4BBF-9D33-C3B506684E1A}.Debug|Any CPU.ActiveCfg = Debug|Any CPU
		{7A4C3CA4-A821-4BBF-9D33-C3B506684E1A}.Debug|Any CPU.Build.0 = Debug|Any CPU
		{7A4C3CA4-A821-4BBF-9D33-C3B506684E1A}.Release|Any CPU.ActiveCfg = Debug|Any CPU
		{7A4C3CA4-A821-4BBF-9D33-C3B506684E1A}.Release|Any CPU.Build.0 = Debug|Any CPU
		{E2B94853-6782-4711-AF6F-7B619FC8CC82}.Debug|Any CPU.ActiveCfg = Debug|Any CPU
		{E2B94853-6782-4711-AF6F-7B619FC8CC82}.Debug|Any CPU.Build.0 = Debug|Any CPU
		{E2B94853-6782-4711-AF6F-7B619FC8CC82}.Release|Any CPU.ActiveCfg = Debug|Any CPU
		{E2B94853-6782-4711-AF6F-7B619FC8CC82}.Release|Any CPU.Build.0 = Debug|Any CPU
		{303F2F11-39B3-488A-8A93-8C7FEBDED5A5}.Debug|Any CPU.ActiveCfg = Debug|Any CPU
		{303F2F11-39B3-488A-8A93-8C7FEBDED5A5}.Debug|Any CPU.Build.0 = Debug|Any CPU
		{303F2F11-39B3-488A-8A93-8C7FEBDED5A5}.Release|Any CPU.ActiveCfg = Release|Any CPU
		{303F2F11-39B3-488A-8A93-8C7FEBDED5A5}.Release|Any CPU.Build.0 = Release|Any CPU
		{40A67635-FA4B-4D71-AB8B-13BEDDE17E77}.Debug|Any CPU.ActiveCfg = Debug|Any CPU
		{40A67635-FA4B-4D71-AB8B-13BEDDE17E77}.Debug|Any CPU.Build.0 = Debug|Any CPU
		{40A67635-FA4B-4D71-AB8B-13BEDDE17E77}.Release|Any CPU.ActiveCfg = Release|Any CPU
		{40A67635-FA4B-4D71-AB8B-13BEDDE17E77}.Release|Any CPU.Build.0 = Release|Any CPU
		{994FFED7-4AE4-4795-9612-9B3F65C334FC}.Debug|Any CPU.ActiveCfg = Debug|Any CPU
		{994FFED7-4AE4-4795-9612-9B3F65C334FC}.Debug|Any CPU.Build.0 = Debug|Any CPU
		{994FFED7-4AE4-4795-9612-9B3F65C334FC}.Release|Any CPU.ActiveCfg = Release|Any CPU
		{994FFED7-4AE4-4795-9612-9B3F65C334FC}.Release|Any CPU.Build.0 = Release|Any CPU
		{875C0BB6-CC18-49C5-8FC3-CEFD071A5F4F}.Debug|Any CPU.ActiveCfg = Debug|Any CPU
		{875C0BB6-CC18-49C5-8FC3-CEFD071A5F4F}.Debug|Any CPU.Build.0 = Debug|Any CPU
		{875C0BB6-CC18-49C5-8FC3-CEFD071A5F4F}.Release|Any CPU.ActiveCfg = Debug|Any CPU
		{875C0BB6-CC18-49C5-8FC3-CEFD071A5F4F}.Release|Any CPU.Build.0 = Debug|Any CPU
		{C2CD4423-7841-431D-AC65-2246983CF6F0}.Debug|Any CPU.ActiveCfg = Debug|Any CPU
		{C2CD4423-7841-431D-AC65-2246983CF6F0}.Debug|Any CPU.Build.0 = Debug|Any CPU
		{C2CD4423-7841-431D-AC65-2246983CF6F0}.Release|Any CPU.ActiveCfg = Debug|Any CPU
		{C2CD4423-7841-431D-AC65-2246983CF6F0}.Release|Any CPU.Build.0 = Debug|Any CPU
		{D848ABC7-B027-4E95-A98A-C71022BFDF79}.Debug|Any CPU.ActiveCfg = Debug|Any CPU
		{D848ABC7-B027-4E95-A98A-C71022BFDF79}.Debug|Any CPU.Build.0 = Debug|Any CPU
		{D848ABC7-B027-4E95-A98A-C71022BFDF79}.Release|Any CPU.ActiveCfg = Debug|Any CPU
		{D848ABC7-B027-4E95-A98A-C71022BFDF79}.Release|Any CPU.Build.0 = Debug|Any CPU
		{4C8CEF9E-31D1-433B-8A2D-45312A1C5D81}.Debug|Any CPU.ActiveCfg = Debug|Any CPU
		{4C8CEF9E-31D1-433B-8A2D-45312A1C5D81}.Debug|Any CPU.Build.0 = Debug|Any CPU
		{4C8CEF9E-31D1-433B-8A2D-45312A1C5D81}.Release|Any CPU.ActiveCfg = Release|Any CPU
		{4C8CEF9E-31D1-433B-8A2D-45312A1C5D81}.Release|Any CPU.Build.0 = Release|Any CPU
		{2A636AD6-8D81-4948-8B12-6AB842F50040}.Debug|Any CPU.ActiveCfg = Debug|Any CPU
		{2A636AD6-8D81-4948-8B12-6AB842F50040}.Debug|Any CPU.Build.0 = Debug|Any CPU
		{2A636AD6-8D81-4948-8B12-6AB842F50040}.Release|Any CPU.ActiveCfg = Debug|Any CPU
		{2A636AD6-8D81-4948-8B12-6AB842F50040}.Release|Any CPU.Build.0 = Debug|Any CPU
		{A2CF4A1C-73F5-4968-8335-D030D5F64A0B}.Debug|Any CPU.ActiveCfg = Debug|Any CPU
		{A2CF4A1C-73F5-4968-8335-D030D5F64A0B}.Debug|Any CPU.Build.0 = Debug|Any CPU
		{A2CF4A1C-73F5-4968-8335-D030D5F64A0B}.Release|Any CPU.ActiveCfg = Release|Any CPU
		{A2CF4A1C-73F5-4968-8335-D030D5F64A0B}.Release|Any CPU.Build.0 = Release|Any CPU
		{C025F298-B242-4166-BC62-C03794CCE228}.Debug|Any CPU.ActiveCfg = Debug|Any CPU
		{C025F298-B242-4166-BC62-C03794CCE228}.Debug|Any CPU.Build.0 = Debug|Any CPU
		{C025F298-B242-4166-BC62-C03794CCE228}.Release|Any CPU.ActiveCfg = Release|Any CPU
		{C025F298-B242-4166-BC62-C03794CCE228}.Release|Any CPU.Build.0 = Release|Any CPU
		{2DDC124E-8E7D-45F9-B2AD-7516DC065D23}.Debug|Any CPU.ActiveCfg = Debug|Any CPU
		{2DDC124E-8E7D-45F9-B2AD-7516DC065D23}.Debug|Any CPU.Build.0 = Debug|Any CPU
		{2DDC124E-8E7D-45F9-B2AD-7516DC065D23}.Release|Any CPU.ActiveCfg = Debug|Any CPU
		{2DDC124E-8E7D-45F9-B2AD-7516DC065D23}.Release|Any CPU.Build.0 = Debug|Any CPU
		{4019AF7B-3137-4EA4-AE05-E5D7A6F9AD66}.Debug|Any CPU.ActiveCfg = Debug|Any CPU
		{4019AF7B-3137-4EA4-AE05-E5D7A6F9AD66}.Debug|Any CPU.Build.0 = Debug|Any CPU
		{4019AF7B-3137-4EA4-AE05-E5D7A6F9AD66}.Release|Any CPU.ActiveCfg = Release|Any CPU
		{4019AF7B-3137-4EA4-AE05-E5D7A6F9AD66}.Release|Any CPU.Build.0 = Release|Any CPU
		{79C8B98C-A75D-41F9-9873-FE30E88CB7BD}.Debug|Any CPU.ActiveCfg = Debug|Any CPU
		{79C8B98C-A75D-41F9-9873-FE30E88CB7BD}.Debug|Any CPU.Build.0 = Debug|Any CPU
		{79C8B98C-A75D-41F9-9873-FE30E88CB7BD}.Release|Any CPU.ActiveCfg = Debug|Any CPU
		{79C8B98C-A75D-41F9-9873-FE30E88CB7BD}.Release|Any CPU.Build.0 = Debug|Any CPU
		{35F679FA-4F45-4870-B7C6-7B31A6CD014F}.Debug|Any CPU.ActiveCfg = Debug|Any CPU
		{35F679FA-4F45-4870-B7C6-7B31A6CD014F}.Debug|Any CPU.Build.0 = Debug|Any CPU
		{35F679FA-4F45-4870-B7C6-7B31A6CD014F}.Release|Any CPU.ActiveCfg = Release|Any CPU
		{35F679FA-4F45-4870-B7C6-7B31A6CD014F}.Release|Any CPU.Build.0 = Release|Any CPU
		{4B54BDA0-D16F-428F-97D2-03654311CE22}.Debug|Any CPU.ActiveCfg = Debug|Any CPU
		{4B54BDA0-D16F-428F-97D2-03654311CE22}.Debug|Any CPU.Build.0 = Debug|Any CPU
		{4B54BDA0-D16F-428F-97D2-03654311CE22}.Release|Any CPU.ActiveCfg = Debug|Any CPU
		{4B54BDA0-D16F-428F-97D2-03654311CE22}.Release|Any CPU.Build.0 = Debug|Any CPU
		{B3EEEF25-A90E-404F-9874-93A2E6990468}.Debug|Any CPU.ActiveCfg = Debug|Any CPU
		{B3EEEF25-A90E-404F-9874-93A2E6990468}.Debug|Any CPU.Build.0 = Debug|Any CPU
		{B3EEEF25-A90E-404F-9874-93A2E6990468}.Release|Any CPU.ActiveCfg = Release|Any CPU
		{B3EEEF25-A90E-404F-9874-93A2E6990468}.Release|Any CPU.Build.0 = Release|Any CPU
	EndGlobalSection
EndGlobal
